
Microsoft Visual Studio Solution File, Format Version 12.00
# Visual Studio 15
VisualStudioVersion = 15.0.28307.645
MinimumVisualStudioVersion = 10.0.40219.1
Project("{FAE04EC0-301F-11D3-BF4B-00C04F79EFBC}") = "EntityFrameworkExamples", "EntityFrameworkExamples\EntityFrameworkExamples.csproj", "{02E83C1A-9FFD-4169-B777-8449E4D43E12}"
EndProject
Global
	GlobalSection(SolutionConfigurationPlatforms) = preSolution
		Debug|Any CPU = Debug|Any CPU
		Release|Any CPU = Release|Any CPU
	EndGlobalSection
	GlobalSection(ProjectConfigurationPlatforms) = postSolution
		{02E83C1A-9FFD-4169-B777-8449E4D43E12}.Debug|Any CPU.ActiveCfg = Debug|Any CPU
		{02E83C1A-9FFD-4169-B777-8449E4D43E12}.Debug|Any CPU.Build.0 = Debug|Any CPU
		{02E83C1A-9FFD-4169-B777-8449E4D43E12}.Release|Any CPU.ActiveCfg = Release|Any CPU
		{02E83C1A-9FFD-4169-B777-8449E4D43E12}.Release|Any CPU.Build.0 = Release|Any CPU
	EndGlobalSection
	GlobalSection(SolutionProperties) = preSolution
		HideSolutionNode = FALSE
	EndGlobalSection
	GlobalSection(ExtensibilityGlobals) = postSolution
		SolutionGuid = {A5F0ABDC-2285-45F8-8366-F2527595F563}
	EndGlobalSection
EndGlobal
