
Microsoft Visual Studio Solution File, Format Version 12.00
# Visual Studio 15
VisualStudioVersion = 15.0.28307.645
MinimumVisualStudioVersion = 10.0.40219.1
Project("{FAE04EC0-301F-11D3-BF4B-00C04F79EFBC}") = "LinkExample", "LinkExample\LinkExample.csproj", "{97B775BB-01E4-4293-BB3F-94AE66258AA9}"
EndProject
Global
	GlobalSection(SolutionConfigurationPlatforms) = preSolution
		Debug|Any CPU = Debug|Any CPU
		Release|Any CPU = Release|Any CPU
	EndGlobalSection
	GlobalSection(ProjectConfigurationPlatforms) = postSolution
		{97B775BB-01E4-4293-BB3F-94AE66258AA9}.Debug|Any CPU.ActiveCfg = Debug|Any CPU
		{97B775BB-01E4-4293-BB3F-94AE66258AA9}.Debug|Any CPU.Build.0 = Debug|Any CPU
		{97B775BB-01E4-4293-BB3F-94AE66258AA9}.Release|Any CPU.ActiveCfg = Release|Any CPU
		{97B775BB-01E4-4293-BB3F-94AE66258AA9}.Release|Any CPU.Build.0 = Release|Any CPU
	EndGlobalSection
	GlobalSection(SolutionProperties) = preSolution
		HideSolutionNode = FALSE
	EndGlobalSection
	GlobalSection(ExtensibilityGlobals) = postSolution
		SolutionGuid = {D3D1715B-080A-42CA-972A-4A256F31D2EF}
	EndGlobalSection
EndGlobal
