
Microsoft Visual Studio Solution File, Format Version 12.00
# Visual Studio 15
VisualStudioVersion = 15.0.28307.645
MinimumVisualStudioVersion = 10.0.40219.1
Project("{FAE04EC0-301F-11D3-BF4B-00C04F79EFBC}") = "ObjectIntilizationApp", "ObjectIntilizationApp\ObjectIntilizationApp.csproj", "{B672CF0F-6052-477F-82C5-FD3CD5A870F2}"
EndProject
Project("{FAE04EC0-301F-11D3-BF4B-00C04F79EFBC}") = "AnonymousType", "AnonymousType\AnonymousType.csproj", "{8B95AA75-7F8D-4B8F-81D2-013A454A2874}"
EndProject
Project("{FAE04EC0-301F-11D3-BF4B-00C04F79EFBC}") = "LambdaExpression", "LambdaExpression\LambdaExpression.csproj", "{92E20DBB-1A0C-4BEE-B8D0-BCA40F1D153F}"
EndProject
Global
	GlobalSection(SolutionConfigurationPlatforms) = preSolution
		Debug|Any CPU = Debug|Any CPU
		Release|Any CPU = Release|Any CPU
	EndGlobalSection
	GlobalSection(ProjectConfigurationPlatforms) = postSolution
		{B672CF0F-6052-477F-82C5-FD3CD5A870F2}.Debug|Any CPU.ActiveCfg = Debug|Any CPU
		{B672CF0F-6052-477F-82C5-FD3CD5A870F2}.Debug|Any CPU.Build.0 = Debug|Any CPU
		{B672CF0F-6052-477F-82C5-FD3CD5A870F2}.Release|Any CPU.ActiveCfg = Release|Any CPU
		{B672CF0F-6052-477F-82C5-FD3CD5A870F2}.Release|Any CPU.Build.0 = Release|Any CPU
		{8B95AA75-7F8D-4B8F-81D2-013A454A2874}.Debug|Any CPU.ActiveCfg = Debug|Any CPU
		{8B95AA75-7F8D-4B8F-81D2-013A454A2874}.Debug|Any CPU.Build.0 = Debug|Any CPU
		{8B95AA75-7F8D-4B8F-81D2-013A454A2874}.Release|Any CPU.ActiveCfg = Release|Any CPU
		{8B95AA75-7F8D-4B8F-81D2-013A454A2874}.Release|Any CPU.Build.0 = Release|Any CPU
		{92E20DBB-1A0C-4BEE-B8D0-BCA40F1D153F}.Debug|Any CPU.ActiveCfg = Debug|Any CPU
		{92E20DBB-1A0C-4BEE-B8D0-BCA40F1D153F}.Debug|Any CPU.Build.0 = Debug|Any CPU
		{92E20DBB-1A0C-4BEE-B8D0-BCA40F1D153F}.Release|Any CPU.ActiveCfg = Release|Any CPU
		{92E20DBB-1A0C-4BEE-B8D0-BCA40F1D153F}.Release|Any CPU.Build.0 = Release|Any CPU
	EndGlobalSection
	GlobalSection(SolutionProperties) = preSolution
		HideSolutionNode = FALSE
	EndGlobalSection
	GlobalSection(ExtensibilityGlobals) = postSolution
		SolutionGuid = {DFA8BDCA-8E37-42C3-A19F-8A7562B829A5}
	EndGlobalSection
EndGlobal
