
Microsoft Visual Studio Solution File, Format Version 12.00
# Visual Studio 15
VisualStudioVersion = 15.0.28307.645
MinimumVisualStudioVersion = 10.0.40219.1
Project("{FAE04EC0-301F-11D3-BF4B-00C04F79EFBC}") = "CustomerInformation", "CustomerInformation\CustomerInformation.csproj", "{8EC7FE2A-A20C-4782-84C0-61B4385CFCB6}"
EndProject
Global
	GlobalSection(SolutionConfigurationPlatforms) = preSolution
		Debug|Any CPU = Debug|Any CPU
		Release|Any CPU = Release|Any CPU
	EndGlobalSection
	GlobalSection(ProjectConfigurationPlatforms) = postSolution
		{8EC7FE2A-A20C-4782-84C0-61B4385CFCB6}.Debug|Any CPU.ActiveCfg = Debug|Any CPU
		{8EC7FE2A-A20C-4782-84C0-61B4385CFCB6}.Debug|Any CPU.Build.0 = Debug|Any CPU
		{8EC7FE2A-A20C-4782-84C0-61B4385CFCB6}.Release|Any CPU.ActiveCfg = Release|Any CPU
		{8EC7FE2A-A20C-4782-84C0-61B4385CFCB6}.Release|Any CPU.Build.0 = Release|Any CPU
	EndGlobalSection
	GlobalSection(SolutionProperties) = preSolution
		HideSolutionNode = FALSE
	EndGlobalSection
	GlobalSection(ExtensibilityGlobals) = postSolution
		SolutionGuid = {CFAB58A7-6A00-4E6E-8334-AD82BB86DBC0}
	EndGlobalSection
EndGlobal
